
Microsoft Visual Studio Solution File, Format Version 12.00
# Visual Studio Version 17
VisualStudioVersion = 17.1.32210.238
MinimumVisualStudioVersion = 10.0.40219.1
Project("{8BC9CEB8-8B4A-11D0-8D11-00A0C91BC942}") = "Game_AE", "Game_AE\Game_AE.vcxproj", "{1EEC4429-15A1-47D0-B34E-AC8B4EDA91EF}"
EndProject
Project("{8BC9CEB8-8B4A-11D0-8D11-00A0C91BC942}") = "VividVerse", "VividVerse\VividVerse.vcxproj", "{D44D96E6-593C-41DA-A599-538EE0164F16}"
EndProject
Project("{8BC9CEB8-8B4A-11D0-8D11-00A0C91BC942}") = "glfw", "glfw_proj\src\glfw.vcxproj", "{16735931-C2FA-3315-A4C4-2F677E442229}"
EndProject
Project("{8BC9CEB8-8B4A-11D0-8D11-00A0C91BC942}") = "glad", "glad\glad.vcxproj", "{6D87B289-8B80-41F6-B6F4-59499DB4046D}"
EndProject
Project("{8BC9CEB8-8B4A-11D0-8D11-00A0C91BC942}") = "stbi", "stbi\stbi.vcxproj", "{04286F22-7E1A-4127-99DA-A9B6D23CF6DC}"
EndProject
Global
	GlobalSection(SolutionConfigurationPlatforms) = preSolution
		Debug|x64 = Debug|x64
		Debug|x86 = Debug|x86
		MinSizeRel|x64 = MinSizeRel|x64
		MinSizeRel|x86 = MinSizeRel|x86
		Release|x64 = Release|x64
		Release|x86 = Release|x86
		RelWithDebInfo|x64 = RelWithDebInfo|x64
		RelWithDebInfo|x86 = RelWithDebInfo|x86
	EndGlobalSection
	GlobalSection(ProjectConfigurationPlatforms) = postSolution
		{1EEC4429-15A1-47D0-B34E-AC8B4EDA91EF}.Debug|x64.ActiveCfg = Debug|x64
		{1EEC4429-15A1-47D0-B34E-AC8B4EDA91EF}.Debug|x64.Build.0 = Debug|x64
		{1EEC4429-15A1-47D0-B34E-AC8B4EDA91EF}.Debug|x86.ActiveCfg = Debug|Win32
		{1EEC4429-15A1-47D0-B34E-AC8B4EDA91EF}.Debug|x86.Build.0 = Debug|Win32
		{1EEC4429-15A1-47D0-B34E-AC8B4EDA91EF}.MinSizeRel|x64.ActiveCfg = Release|x64
		{1EEC4429-15A1-47D0-B34E-AC8B4EDA91EF}.MinSizeRel|x64.Build.0 = Release|x64
		{1EEC4429-15A1-47D0-B34E-AC8B4EDA91EF}.MinSizeRel|x86.ActiveCfg = Release|Win32
		{1EEC4429-15A1-47D0-B34E-AC8B4EDA91EF}.MinSizeRel|x86.Build.0 = Release|Win32
		{1EEC4429-15A1-47D0-B34E-AC8B4EDA91EF}.Release|x64.ActiveCfg = Release|x64
		{1EEC4429-15A1-47D0-B34E-AC8B4EDA91EF}.Release|x64.Build.0 = Release|x64
		{1EEC4429-15A1-47D0-B34E-AC8B4EDA91EF}.Release|x86.ActiveCfg = Release|Win32
		{1EEC4429-15A1-47D0-B34E-AC8B4EDA91EF}.Release|x86.Build.0 = Release|Win32
		{1EEC4429-15A1-47D0-B34E-AC8B4EDA91EF}.RelWithDebInfo|x64.ActiveCfg = Release|x64
		{1EEC4429-15A1-47D0-B34E-AC8B4EDA91EF}.RelWithDebInfo|x64.Build.0 = Release|x64
		{1EEC4429-15A1-47D0-B34E-AC8B4EDA91EF}.RelWithDebInfo|x86.ActiveCfg = Release|Win32
		{1EEC4429-15A1-47D0-B34E-AC8B4EDA91EF}.RelWithDebInfo|x86.Build.0 = Release|Win32
		{D44D96E6-593C-41DA-A599-538EE0164F16}.Debug|x64.ActiveCfg = Debug|x64
		{D44D96E6-593C-41DA-A599-538EE0164F16}.Debug|x64.Build.0 = Debug|x64
		{D44D96E6-593C-41DA-A599-538EE0164F16}.Debug|x86.ActiveCfg = Debug|Win32
		{D44D96E6-593C-41DA-A599-538EE0164F16}.Debug|x86.Build.0 = Debug|Win32
		{D44D96E6-593C-41DA-A599-538EE0164F16}.MinSizeRel|x64.ActiveCfg = Release|x64
		{D44D96E6-593C-41DA-A599-538EE0164F16}.MinSizeRel|x64.Build.0 = Release|x64
		{D44D96E6-593C-41DA-A599-538EE0164F16}.MinSizeRel|x86.ActiveCfg = Release|Win32
		{D44D96E6-593C-41DA-A599-538EE0164F16}.MinSizeRel|x86.Build.0 = Release|Win32
		{D44D96E6-593C-41DA-A599-538EE0164F16}.Release|x64.ActiveCfg = Release|x64
		{D44D96E6-593C-41DA-A599-538EE0164F16}.Release|x64.Build.0 = Release|x64
		{D44D96E6-593C-41DA-A599-538EE0164F16}.Release|x86.ActiveCfg = Release|Win32
		{D44D96E6-593C-41DA-A599-538EE0164F16}.Release|x86.Build.0 = Release|Win32
		{D44D96E6-593C-41DA-A599-538EE0164F16}.RelWithDebInfo|x64.ActiveCfg = Release|x64
		{D44D96E6-593C-41DA-A599-538EE0164F16}.RelWithDebInfo|x64.Build.0 = Release|x64
		{D44D96E6-593C-41DA-A599-538EE0164F16}.RelWithDebInfo|x86.ActiveCfg = Release|Win32
		{D44D96E6-593C-41DA-A599-538EE0164F16}.RelWithDebInfo|x86.Build.0 = Release|Win32
		{16735931-C2FA-3315-A4C4-2F677E442229}.Debug|x64.ActiveCfg = Debug|x64
		{16735931-C2FA-3315-A4C4-2F677E442229}.Debug|x64.Build.0 = Debug|x64
		{16735931-C2FA-3315-A4C4-2F677E442229}.Debug|x86.ActiveCfg = Debug|x64
		{16735931-C2FA-3315-A4C4-2F677E442229}.Debug|x86.Build.0 = Debug|x64
		{16735931-C2FA-3315-A4C4-2F677E442229}.MinSizeRel|x64.ActiveCfg = MinSizeRel|x64
		{16735931-C2FA-3315-A4C4-2F677E442229}.MinSizeRel|x64.Build.0 = MinSizeRel|x64
		{16735931-C2FA-3315-A4C4-2F677E442229}.MinSizeRel|x86.ActiveCfg = MinSizeRel|x64
		{16735931-C2FA-3315-A4C4-2F677E442229}.MinSizeRel|x86.Build.0 = MinSizeRel|x64
		{16735931-C2FA-3315-A4C4-2F677E442229}.Release|x64.ActiveCfg = Release|x64
		{16735931-C2FA-3315-A4C4-2F677E442229}.Release|x64.Build.0 = Release|x64
		{16735931-C2FA-3315-A4C4-2F677E442229}.Release|x86.ActiveCfg = Release|x64
		{16735931-C2FA-3315-A4C4-2F677E442229}.Release|x86.Build.0 = Release|x64
		{16735931-C2FA-3315-A4C4-2F677E442229}.RelWithDebInfo|x64.ActiveCfg = RelWithDebInfo|x64
		{16735931-C2FA-3315-A4C4-2F677E442229}.RelWithDebInfo|x64.Build.0 = RelWithDebInfo|x64
		{16735931-C2FA-3315-A4C4-2F677E442229}.RelWithDebInfo|x86.ActiveCfg = RelWithDebInfo|x64
		{16735931-C2FA-3315-A4C4-2F677E442229}.RelWithDebInfo|x86.Build.0 = RelWithDebInfo|x64
		{6D87B289-8B80-41F6-B6F4-59499DB4046D}.Debug|x64.ActiveCfg = Debug|x64
		{6D87B289-8B80-41F6-B6F4-59499DB4046D}.Debug|x64.Build.0 = Debug|x64
		{6D87B289-8B80-41F6-B6F4-59499DB4046D}.Debug|x86.ActiveCfg = Debug|Win32
		{6D87B289-8B80-41F6-B6F4-59499DB4046D}.Debug|x86.Build.0 = Debug|Win32
		{6D87B289-8B80-41F6-B6F4-59499DB4046D}.MinSizeRel|x64.ActiveCfg = Debug|x64
		{6D87B289-8B80-41F6-B6F4-59499DB4046D}.MinSizeRel|x64.Build.0 = Debug|x64
		{6D87B289-8B80-41F6-B6F4-59499DB4046D}.MinSizeRel|x86.ActiveCfg = Debug|Win32
		{6D87B289-8B80-41F6-B6F4-59499DB4046D}.MinSizeRel|x86.Build.0 = Debug|Win32
		{6D87B289-8B80-41F6-B6F4-59499DB4046D}.Release|x64.ActiveCfg = Release|x64
		{6D87B289-8B80-41F6-B6F4-59499DB4046D}.Release|x64.Build.0 = Release|x64
		{6D87B289-8B80-41F6-B6F4-59499DB4046D}.Release|x86.ActiveCfg = Release|Win32
		{6D87B289-8B80-41F6-B6F4-59499DB4046D}.Release|x86.Build.0 = Release|Win32
		{6D87B289-8B80-41F6-B6F4-59499DB4046D}.RelWithDebInfo|x64.ActiveCfg = Release|x64
		{6D87B289-8B80-41F6-B6F4-59499DB4046D}.RelWithDebInfo|x64.Build.0 = Release|x64
		{6D87B289-8B80-41F6-B6F4-59499DB4046D}.RelWithDebInfo|x86.ActiveCfg = Release|Win32
		{6D87B289-8B80-41F6-B6F4-59499DB4046D}.RelWithDebInfo|x86.Build.0 = Release|Win32
		{04286F22-7E1A-4127-99DA-A9B6D23CF6DC}.Debug|x64.ActiveCfg = Debug|x64
		{04286F22-7E1A-4127-99DA-A9B6D23CF6DC}.Debug|x64.Build.0 = Debug|x64
		{04286F22-7E1A-4127-99DA-A9B6D23CF6DC}.Debug|x86.ActiveCfg = Debug|Win32
		{04286F22-7E1A-4127-99DA-A9B6D23CF6DC}.Debug|x86.Build.0 = Debug|Win32
		{04286F22-7E1A-4127-99DA-A9B6D23CF6DC}.MinSizeRel|x64.ActiveCfg = Debug|x64
		{04286F22-7E1A-4127-99DA-A9B6D23CF6DC}.MinSizeRel|x64.Build.0 = Debug|x64
		{04286F22-7E1A-4127-99DA-A9B6D23CF6DC}.MinSizeRel|x86.ActiveCfg = Debug|Win32
		{04286F22-7E1A-4127-99DA-A9B6D23CF6DC}.MinSizeRel|x86.Build.0 = Debug|Win32
		{04286F22-7E1A-4127-99DA-A9B6D23CF6DC}.Release|x64.ActiveCfg = Release|x64
		{04286F22-7E1A-4127-99DA-A9B6D23CF6DC}.Release|x64.Build.0 = Release|x64
		{04286F22-7E1A-4127-99DA-A9B6D23CF6DC}.Release|x86.ActiveCfg = Release|Win32
		{04286F22-7E1A-4127-99DA-A9B6D23CF6DC}.Release|x86.Build.0 = Release|Win32
		{04286F22-7E1A-4127-99DA-A9B6D23CF6DC}.RelWithDebInfo|x64.ActiveCfg = Release|x64
		{04286F22-7E1A-4127-99DA-A9B6D23CF6DC}.RelWithDebInfo|x64.Build.0 = Release|x64
		{04286F22-7E1A-4127-99DA-A9B6D23CF6DC}.RelWithDebInfo|x86.ActiveCfg = Release|Win32
		{04286F22-7E1A-4127-99DA-A9B6D23CF6DC}.RelWithDebInfo|x86.Build.0 = Release|Win32
	EndGlobalSection
	GlobalSection(SolutionProperties) = preSolution
		HideSolutionNode = FALSE
	EndGlobalSection
	GlobalSection(ExtensibilityGlobals) = postSolution
		SolutionGuid = {FD093643-EF8D-4B0F-9B02-9AB2C353CAFA}
	EndGlobalSection
EndGlobal
